// !$*UTF8*$!
{
	archiveVersion = 1;
	classes = {
	};
	objectVersion = 56;
	objects = {

/* Begin PBXBuildFile section */
		525FE27A2C403ECF00626F94 /* TransactionList.swift in Sources */ = {isa = PBXBuildFile; fileRef = 525FE2792C403ECF00626F94 /* TransactionList.swift */; };
		525FE27D2C4048E100626F94 /* Collections in Frameworks */ = {isa = PBXBuildFile; productRef = 525FE27C2C4048E100626F94 /* Collections */; };
		525FE2812C404A5900626F94 /* SwiftUICharts in Frameworks */ = {isa = PBXBuildFile; productRef = 525FE2802C404A5900626F94 /* SwiftUICharts */; };
		52CD7F192C3F02C1003119BA /* ExpenseTrackerApp.swift in Sources */ = {isa = PBXBuildFile; fileRef = 52CD7F182C3F02C1003119BA /* ExpenseTrackerApp.swift */; };
		52CD7F1B2C3F02C1003119BA /* ContentView.swift in Sources */ = {isa = PBXBuildFile; fileRef = 52CD7F1A2C3F02C1003119BA /* ContentView.swift */; };
		52CD7F1D2C3F02C4003119BA /* Assets.xcassets in Resources */ = {isa = PBXBuildFile; fileRef = 52CD7F1C2C3F02C4003119BA /* Assets.xcassets */; };
		52CD7F202C3F02C4003119BA /* Preview Assets.xcassets in Resources */ = {isa = PBXBuildFile; fileRef = 52CD7F1F2C3F02C4003119BA /* Preview Assets.xcassets */; };
		52CD7F272C3F035D003119BA /* TransactionModel.swift in Sources */ = {isa = PBXBuildFile; fileRef = 52CD7F262C3F035D003119BA /* TransactionModel.swift */; };
		52CD7F292C3F03E4003119BA /* PreiviewData.swift in Sources */ = {isa = PBXBuildFile; fileRef = 52CD7F282C3F03E4003119BA /* PreiviewData.swift */; };
		52CD7F2B2C3F045B003119BA /* TransactionRow.swift in Sources */ = {isa = PBXBuildFile; fileRef = 52CD7F2A2C3F045B003119BA /* TransactionRow.swift */; };
		52CD7F2D2C3F06EF003119BA /* Extensions.swift in Sources */ = {isa = PBXBuildFile; fileRef = 52CD7F2C2C3F06EF003119BA /* Extensions.swift */; };
		52CD7F302C3F09F9003119BA /* SwiftUIFontIcon in Frameworks */ = {isa = PBXBuildFile; productRef = 52CD7F2F2C3F09F9003119BA /* SwiftUIFontIcon */; };
		52CD7F322C3F0AF8003119BA /* TransactionListViewModel.swift in Sources */ = {isa = PBXBuildFile; fileRef = 52CD7F312C3F0AF8003119BA /* TransactionListViewModel.swift */; };
		52CD7F362C3F149D003119BA /* RecentTransactionList.swift in Sources */ = {isa = PBXBuildFile; fileRef = 52CD7F352C3F149D003119BA /* RecentTransactionList.swift */; };
/* End PBXBuildFile section */

/* Begin PBXFileReference section */
		525FE2792C403ECF00626F94 /* TransactionList.swift */ = {isa = PBXFileReference; lastKnownFileType = sourcecode.swift; path = TransactionList.swift; sourceTree = "<group>"; };
		52CD7F152C3F02C1003119BA /* ExpenseTracker.app */ = {isa = PBXFileReference; explicitFileType = wrapper.application; includeInIndex = 0; path = ExpenseTracker.app; sourceTree = BUILT_PRODUCTS_DIR; };
		52CD7F182C3F02C1003119BA /* ExpenseTrackerApp.swift */ = {isa = PBXFileReference; lastKnownFileType = sourcecode.swift; path = ExpenseTrackerApp.swift; sourceTree = "<group>"; };
		52CD7F1A2C3F02C1003119BA /* ContentView.swift */ = {isa = PBXFileReference; lastKnownFileType = sourcecode.swift; path = ContentView.swift; sourceTree = "<group>"; };
		52CD7F1C2C3F02C4003119BA /* Assets.xcassets */ = {isa = PBXFileReference; lastKnownFileType = folder.assetcatalog; path = Assets.xcassets; sourceTree = "<group>"; };
		52CD7F1F2C3F02C4003119BA /* Preview Assets.xcassets */ = {isa = PBXFileReference; lastKnownFileType = folder.assetcatalog; path = "Preview Assets.xcassets"; sourceTree = "<group>"; };
		52CD7F262C3F035D003119BA /* TransactionModel.swift */ = {isa = PBXFileReference; lastKnownFileType = sourcecode.swift; path = TransactionModel.swift; sourceTree = "<group>"; };
		52CD7F282C3F03E4003119BA /* PreiviewData.swift */ = {isa = PBXFileReference; lastKnownFileType = sourcecode.swift; path = PreiviewData.swift; sourceTree = "<group>"; };
		52CD7F2A2C3F045B003119BA /* TransactionRow.swift */ = {isa = PBXFileReference; lastKnownFileType = sourcecode.swift; path = TransactionRow.swift; sourceTree = "<group>"; };
		52CD7F2C2C3F06EF003119BA /* Extensions.swift */ = {isa = PBXFileReference; lastKnownFileType = sourcecode.swift; path = Extensions.swift; sourceTree = "<group>"; };
		52CD7F312C3F0AF8003119BA /* TransactionListViewModel.swift */ = {isa = PBXFileReference; lastKnownFileType = sourcecode.swift; path = TransactionListViewModel.swift; sourceTree = "<group>"; };
		52CD7F352C3F149D003119BA /* RecentTransactionList.swift */ = {isa = PBXFileReference; lastKnownFileType = sourcecode.swift; path = RecentTransactionList.swift; sourceTree = "<group>"; };
/* End PBXFileReference section */

/* Begin PBXFrameworksBuildPhase section */
		52CD7F122C3F02C1003119BA /* Frameworks */ = {
			isa = PBXFrameworksBuildPhase;
			buildActionMask = 2147483647;
			files = (
				525FE2812C404A5900626F94 /* SwiftUICharts in Frameworks */,
				525FE27D2C4048E100626F94 /* Collections in Frameworks */,
				52CD7F302C3F09F9003119BA /* SwiftUIFontIcon in Frameworks */,
			);
			runOnlyForDeploymentPostprocessing = 0;
		};
/* End PBXFrameworksBuildPhase section */

/* Begin PBXGroup section */
		525FE27E2C4049FE00626F94 /* Frameworks */ = {
			isa = PBXGroup;
			children = (
			);
			name = Frameworks;
			sourceTree = "<group>";
		};
		52CD7F0C2C3F02C1003119BA = {
			isa = PBXGroup;
			children = (
				52CD7F172C3F02C1003119BA /* ExpenseTracker */,
				52CD7F162C3F02C1003119BA /* Products */,
				525FE27E2C4049FE00626F94 /* Frameworks */,
			);
			sourceTree = "<group>";
		};
		52CD7F162C3F02C1003119BA /* Products */ = {
			isa = PBXGroup;
			children = (
				52CD7F152C3F02C1003119BA /* ExpenseTracker.app */,
			);
			name = Products;
			sourceTree = "<group>";
		};
		52CD7F172C3F02C1003119BA /* ExpenseTracker */ = {
			isa = PBXGroup;
			children = (
				52CD7F182C3F02C1003119BA /* ExpenseTrackerApp.swift */,
				52CD7F1A2C3F02C1003119BA /* ContentView.swift */,
				52CD7F352C3F149D003119BA /* RecentTransactionList.swift */,
				525FE2792C403ECF00626F94 /* TransactionList.swift */,
				52CD7F2A2C3F045B003119BA /* TransactionRow.swift */,
				52CD7F312C3F0AF8003119BA /* TransactionListViewModel.swift */,
				52CD7F262C3F035D003119BA /* TransactionModel.swift */,
				52CD7F2C2C3F06EF003119BA /* Extensions.swift */,
				52CD7F1C2C3F02C4003119BA /* Assets.xcassets */,
				52CD7F1E2C3F02C4003119BA /* Preview Content */,
			);
			path = ExpenseTracker;
			sourceTree = "<group>";
		};
		52CD7F1E2C3F02C4003119BA /* Preview Content */ = {
			isa = PBXGroup;
			children = (
				52CD7F1F2C3F02C4003119BA /* Preview Assets.xcassets */,
				52CD7F282C3F03E4003119BA /* PreiviewData.swift */,
			);
			path = "Preview Content";
			sourceTree = "<group>";
		};
/* End PBXGroup section */

/* Begin PBXNativeTarget section */
		52CD7F142C3F02C1003119BA /* ExpenseTracker */ = {
			isa = PBXNativeTarget;
			buildConfigurationList = 52CD7F232C3F02C4003119BA /* Build configuration list for PBXNativeTarget "ExpenseTracker" */;
			buildPhases = (
				52CD7F112C3F02C1003119BA /* Sources */,
				52CD7F122C3F02C1003119BA /* Frameworks */,
				52CD7F132C3F02C1003119BA /* Resources */,
			);
			buildRules = (
			);
			dependencies = (
			);
			name = ExpenseTracker;
			packageProductDependencies = (
				52CD7F2F2C3F09F9003119BA /* SwiftUIFontIcon */,
				525FE27C2C4048E100626F94 /* Collections */,
				525FE2802C404A5900626F94 /* SwiftUICharts */,
			);
			productName = ExpenseTracker;
			productReference = 52CD7F152C3F02C1003119BA /* ExpenseTracker.app */;
			productType = "com.apple.product-type.application";
		};
/* End PBXNativeTarget section */

/* Begin PBXProject section */
		52CD7F0D2C3F02C1003119BA /* Project object */ = {
			isa = PBXProject;
			attributes = {
				BuildIndependentTargetsInParallel = 1;
				LastSwiftUpdateCheck = 1540;
				LastUpgradeCheck = 1540;
				TargetAttributes = {
					52CD7F142C3F02C1003119BA = {
						CreatedOnToolsVersion = 15.4;
					};
				};
			};
			buildConfigurationList = 52CD7F102C3F02C1003119BA /* Build configuration list for PBXProject "ExpenseTracker" */;
			compatibilityVersion = "Xcode 14.0";
			developmentRegion = en;
			hasScannedForEncodings = 0;
			knownRegions = (
				en,
				Base,
			);
			mainGroup = 52CD7F0C2C3F02C1003119BA;
			packageReferences = (
				52CD7F2E2C3F09F9003119BA /* XCRemoteSwiftPackageReference "SwiftUIFontIcon" */,
				525FE27B2C4048E100626F94 /* XCRemoteSwiftPackageReference "swift-collections" */,
				525FE27F2C404A5900626F94 /* XCRemoteSwiftPackageReference "ChartView" */,
			);
			productRefGroup = 52CD7F162C3F02C1003119BA /* Products */;
			projectDirPath = "";
			projectRoot = "";
			targets = (
				52CD7F142C3F02C1003119BA /* ExpenseTracker */,
			);
		};
/* End PBXProject section */

/* Begin PBXResourcesBuildPhase section */
		52CD7F132C3F02C1003119BA /* Resources */ = {
			isa = PBXResourcesBuildPhase;
			buildActionMask = 2147483647;
			files = (
				52CD7F202C3F02C4003119BA /* Preview Assets.xcassets in Resources */,
				52CD7F1D2C3F02C4003119BA /* Assets.xcassets in Resources */,
			);
			runOnlyForDeploymentPostprocessing = 0;
		};
/* End PBXResourcesBuildPhase section */

/* Begin PBXSourcesBuildPhase section */
		52CD7F112C3F02C1003119BA /* Sources */ = {
			isa = PBXSourcesBuildPhase;
			buildActionMask = 2147483647;
			files = (
				52CD7F2B2C3F045B003119BA /* TransactionRow.swift in Sources */,
				525FE27A2C403ECF00626F94 /* TransactionList.swift in Sources */,
				52CD7F362C3F149D003119BA /* RecentTransactionList.swift in Sources */,
				52CD7F2D2C3F06EF003119BA /* Extensions.swift in Sources */,
				52CD7F272C3F035D003119BA /* TransactionModel.swift in Sources */,
				52CD7F1B2C3F02C1003119BA /* ContentView.swift in Sources */,
				52CD7F292C3F03E4003119BA /* PreiviewData.swift in Sources */,
				52CD7F322C3F0AF8003119BA /* TransactionListViewModel.swift in Sources */,
				52CD7F192C3F02C1003119BA /* ExpenseTrackerApp.swift in Sources */,
			);
			runOnlyForDeploymentPostprocessing = 0;
		};
/* End PBXSourcesBuildPhase section */

/* Begin XCBuildConfiguration section */
		52CD7F212C3F02C4003119BA /* Debug */ = {
			isa = XCBuildConfiguration;
			buildSettings = {
				ALWAYS_SEARCH_USER_PATHS = NO;
				ASSETCATALOG_COMPILER_GENERATE_SWIFT_ASSET_SYMBOL_EXTENSIONS = YES;
				CLANG_ANALYZER_NONNULL = YES;
				CLANG_ANALYZER_NUMBER_OBJECT_CONVERSION = YES_AGGRESSIVE;
				CLANG_CXX_LANGUAGE_STANDARD = "gnu++20";
				CLANG_ENABLE_MODULES = YES;
				CLANG_ENABLE_OBJC_ARC = YES;
				CLANG_ENABLE_OBJC_WEAK = YES;
				CLANG_WARN_BLOCK_CAPTURE_AUTORELEASING = YES;
				CLANG_WARN_BOOL_CONVERSION = YES;
				CLANG_WARN_COMMA = YES;
				CLANG_WARN_CONSTANT_CONVERSION = YES;
				CLANG_WARN_DEPRECATED_OBJC_IMPLEMENTATIONS = YES;
				CLANG_WARN_DIRECT_OBJC_ISA_USAGE = YES_ERROR;
				CLANG_WARN_DOCUMENTATION_COMMENTS = YES;
				CLANG_WARN_EMPTY_BODY = YES;
				CLANG_WARN_ENUM_CONVERSION = YES;
				CLANG_WARN_INFINITE_RECURSION = YES;
				CLANG_WARN_INT_CONVERSION = YES;
				CLANG_WARN_NON_LITERAL_NULL_CONVERSION = YES;
				CLANG_WARN_OBJC_IMPLICIT_RETAIN_SELF = YES;
				CLANG_WARN_OBJC_LITERAL_CONVERSION = YES;
				CLANG_WARN_OBJC_ROOT_CLASS = YES_ERROR;
				CLANG_WARN_QUOTED_INCLUDE_IN_FRAMEWORK_HEADER = YES;
				CLANG_WARN_RANGE_LOOP_ANALYSIS = YES;
				CLANG_WARN_STRICT_PROTOTYPES = YES;
				CLANG_WARN_SUSPICIOUS_MOVE = YES;
				CLANG_WARN_UNGUARDED_AVAILABILITY = YES_AGGRESSIVE;
				CLANG_WARN_UNREACHABLE_CODE = YES;
				CLANG_WARN__DUPLICATE_METHOD_MATCH = YES;
				COPY_PHASE_STRIP = NO;
				DEBUG_INFORMATION_FORMAT = dwarf;
				ENABLE_STRICT_OBJC_MSGSEND = YES;
				ENABLE_TESTABILITY = YES;
				ENABLE_USER_SCRIPT_SANDBOXING = YES;
				GCC_C_LANGUAGE_STANDARD = gnu17;
				GCC_DYNAMIC_NO_PIC = NO;
				GCC_NO_COMMON_BLOCKS = YES;
				GCC_OPTIMIZATION_LEVEL = 0;
				GCC_PREPROCESSOR_DEFINITIONS = (
					"DEBUG=1",
					"$(inherited)",
				);
				GCC_WARN_64_TO_32_BIT_CONVERSION = YES;
				GCC_WARN_ABOUT_RETURN_TYPE = YES_ERROR;
				GCC_WARN_UNDECLARED_SELECTOR = YES;
				GCC_WARN_UNINITIALIZED_AUTOS = YES_AGGRESSIVE;
				GCC_WARN_UNUSED_FUNCTION = YES;
				GCC_WARN_UNUSED_VARIABLE = YES;
				IPHONEOS_DEPLOYMENT_TARGET = 17.5;
				LOCALIZATION_PREFERS_STRING_CATALOGS = YES;
				MTL_ENABLE_DEBUG_INFO = INCLUDE_SOURCE;
				MTL_FAST_MATH = YES;
				ONLY_ACTIVE_ARCH = YES;
				SDKROOT = iphoneos;
				SWIFT_ACTIVE_COMPILATION_CONDITIONS = "DEBUG $(inherited)";
				SWIFT_OPTIMIZATION_LEVEL = "-Onone";
			};
			name = Debug;
		};
		52CD7F222C3F02C4003119BA /* Release */ = {
			isa = XCBuildConfiguration;
			buildSettings = {
				ALWAYS_SEARCH_USER_PATHS = NO;
				ASSETCATALOG_COMPILER_GENERATE_SWIFT_ASSET_SYMBOL_EXTENSIONS = YES;
				CLANG_ANALYZER_NONNULL = YES;
				CLANG_ANALYZER_NUMBER_OBJECT_CONVERSION = YES_AGGRESSIVE;
				CLANG_CXX_LANGUAGE_STANDARD = "gnu++20";
				CLANG_ENABLE_MODULES = YES;
				CLANG_ENABLE_OBJC_ARC = YES;
				CLANG_ENABLE_OBJC_WEAK = YES;
				CLANG_WARN_BLOCK_CAPTURE_AUTORELEASING = YES;
				CLANG_WARN_BOOL_CONVERSION = YES;
				CLANG_WARN_COMMA = YES;
				CLANG_WARN_CONSTANT_CONVERSION = YES;
				CLANG_WARN_DEPRECATED_OBJC_IMPLEMENTATIONS = YES;
				CLANG_WARN_DIRECT_OBJC_ISA_USAGE = YES_ERROR;
				CLANG_WARN_DOCUMENTATION_COMMENTS = YES;
				CLANG_WARN_EMPTY_BODY = YES;
				CLANG_WARN_ENUM_CONVERSION = YES;
				CLANG_WARN_INFINITE_RECURSION = YES;
				CLANG_WARN_INT_CONVERSION = YES;
				CLANG_WARN_NON_LITERAL_NULL_CONVERSION = YES;
				CLANG_WARN_OBJC_IMPLICIT_RETAIN_SELF = YES;
				CLANG_WARN_OBJC_LITERAL_CONVERSION = YES;
				CLANG_WARN_OBJC_ROOT_CLASS = YES_ERROR;
				CLANG_WARN_QUOTED_INCLUDE_IN_FRAMEWORK_HEADER = YES;
				CLANG_WARN_RANGE_LOOP_ANALYSIS = YES;
				CLANG_WARN_STRICT_PROTOTYPES = YES;
				CLANG_WARN_SUSPICIOUS_MOVE = YES;
				CLANG_WARN_UNGUARDED_AVAILABILITY = YES_AGGRESSIVE;
				CLANG_WARN_UNREACHABLE_CODE = YES;
				CLANG_WARN__DUPLICATE_METHOD_MATCH = YES;
				COPY_PHASE_STRIP = NO;
				DEBUG_INFORMATION_FORMAT = "dwarf-with-dsym";
				ENABLE_NS_ASSERTIONS = NO;
				ENABLE_STRICT_OBJC_MSGSEND = YES;
				ENABLE_USER_SCRIPT_SANDBOXING = YES;
				GCC_C_LANGUAGE_STANDARD = gnu17;
				GCC_NO_COMMON_BLOCKS = YES;
				GCC_WARN_64_TO_32_BIT_CONVERSION = YES;
				GCC_WARN_ABOUT_RETURN_TYPE = YES_ERROR;
				GCC_WARN_UNDECLARED_SELECTOR = YES;
				GCC_WARN_UNINITIALIZED_AUTOS = YES_AGGRESSIVE;
				GCC_WARN_UNUSED_FUNCTION = YES;
				GCC_WARN_UNUSED_VARIABLE = YES;
				IPHONEOS_DEPLOYMENT_TARGET = 17.5;
				LOCALIZATION_PREFERS_STRING_CATALOGS = YES;
				MTL_ENABLE_DEBUG_INFO = NO;
				MTL_FAST_MATH = YES;
				SDKROOT = iphoneos;
				SWIFT_COMPILATION_MODE = wholemodule;
				VALIDATE_PRODUCT = YES;
			};
			name = Release;
		};
		52CD7F242C3F02C4003119BA /* Debug */ = {
			isa = XCBuildConfiguration;
			buildSettings = {
				ASSETCATALOG_COMPILER_APPICON_NAME = AppIcon;
				ASSETCATALOG_COMPILER_GLOBAL_ACCENT_COLOR_NAME = AccentColor;
				CODE_SIGN_STYLE = Automatic;
				CURRENT_PROJECT_VERSION = 1;
				DEVELOPMENT_ASSET_PATHS = "\"ExpenseTracker/Preview Content\"";
				ENABLE_PREVIEWS = YES;
				GENERATE_INFOPLIST_FILE = YES;
				INFOPLIST_KEY_UIApplicationSceneManifest_Generation = YES;
				INFOPLIST_KEY_UIApplicationSupportsIndirectInputEvents = YES;
				INFOPLIST_KEY_UILaunchScreen_Generation = YES;
				INFOPLIST_KEY_UISupportedInterfaceOrientations_iPad = "UIInterfaceOrientationPortrait UIInterfaceOrientationPortraitUpsideDown UIInterfaceOrientationLandscapeLeft UIInterfaceOrientationLandscapeRight";
				INFOPLIST_KEY_UISupportedInterfaceOrientations_iPhone = "UIInterfaceOrientationPortrait UIInterfaceOrientationLandscapeLeft UIInterfaceOrientationLandscapeRight";
				LD_RUNPATH_SEARCH_PATHS = (
					"$(inherited)",
					"@executable_path/Frameworks",
				);
				MARKETING_VERSION = 1.0;
				PRODUCT_BUNDLE_IDENTIFIER = com.seneca.ExpenseTracker;
				PRODUCT_NAME = "$(TARGET_NAME)";
				SWIFT_EMIT_LOC_STRINGS = YES;
				SWIFT_VERSION = 5.0;
				TARGETED_DEVICE_FAMILY = "1,2";
			};
			name = Debug;
		};
		52CD7F252C3F02C4003119BA /* Release */ = {
			isa = XCBuildConfiguration;
			buildSettings = {
				ASSETCATALOG_COMPILER_APPICON_NAME = AppIcon;
				ASSETCATALOG_COMPILER_GLOBAL_ACCENT_COLOR_NAME = AccentColor;
				CODE_SIGN_STYLE = Automatic;
				CURRENT_PROJECT_VERSION = 1;
				DEVELOPMENT_ASSET_PATHS = "\"ExpenseTracker/Preview Content\"";
				ENABLE_PREVIEWS = YES;
				GENERATE_INFOPLIST_FILE = YES;
				INFOPLIST_KEY_UIApplicationSceneManifest_Generation = YES;
				INFOPLIST_KEY_UIApplicationSupportsIndirectInputEvents = YES;
				INFOPLIST_KEY_UILaunchScreen_Generation = YES;
				INFOPLIST_KEY_UISupportedInterfaceOrientations_iPad = "UIInterfaceOrientationPortrait UIInterfaceOrientationPortraitUpsideDown UIInterfaceOrientationLandscapeLeft UIInterfaceOrientationLandscapeRight";
				INFOPLIST_KEY_UISupportedInterfaceOrientations_iPhone = "UIInterfaceOrientationPortrait UIInterfaceOrientationLandscapeLeft UIInterfaceOrientationLandscapeRight";
				LD_RUNPATH_SEARCH_PATHS = (
					"$(inherited)",
					"@executable_path/Frameworks",
				);
				MARKETING_VERSION = 1.0;
				PRODUCT_BUNDLE_IDENTIFIER = com.seneca.ExpenseTracker;
				PRODUCT_NAME = "$(TARGET_NAME)";
				SWIFT_EMIT_LOC_STRINGS = YES;
				SWIFT_VERSION = 5.0;
				TARGETED_DEVICE_FAMILY = "1,2";
			};
			name = Release;
		};
/* End XCBuildConfiguration section */

/* Begin XCConfigurationList section */
		52CD7F102C3F02C1003119BA /* Build configuration list for PBXProject "ExpenseTracker" */ = {
			isa = XCConfigurationList;
			buildConfigurations = (
				52CD7F212C3F02C4003119BA /* Debug */,
				52CD7F222C3F02C4003119BA /* Release */,
			);
			defaultConfigurationIsVisible = 0;
			defaultConfigurationName = Release;
		};
		52CD7F232C3F02C4003119BA /* Build configuration list for PBXNativeTarget "ExpenseTracker" */ = {
			isa = XCConfigurationList;
			buildConfigurations = (
				52CD7F242C3F02C4003119BA /* Debug */,
				52CD7F252C3F02C4003119BA /* Release */,
			);
			defaultConfigurationIsVisible = 0;
			defaultConfigurationName = Release;
		};
/* End XCConfigurationList section */

/* Begin XCRemoteSwiftPackageReference section */
		525FE27B2C4048E100626F94 /* XCRemoteSwiftPackageReference "swift-collections" */ = {
			isa = XCRemoteSwiftPackageReference;
			repositoryURL = "https://github.com/apple/swift-collections.git";
			requirement = {
				kind = upToNextMajorVersion;
				minimumVersion = 1.1.2;
			};
		};
		525FE27F2C404A5900626F94 /* XCRemoteSwiftPackageReference "ChartView" */ = {
			isa = XCRemoteSwiftPackageReference;
			repositoryURL = "https://github.com/AppPear/ChartView";
			requirement = {
				kind = exactVersion;
				version = "2.0.0-beta.2";
			};
		};
		52CD7F2E2C3F09F9003119BA /* XCRemoteSwiftPackageReference "SwiftUIFontIcon" */ = {
			isa = XCRemoteSwiftPackageReference;
			repositoryURL = "https://github.com/huybuidac/SwiftUIFontIcon";
			requirement = {
				branch = master;
				kind = branch;
			};
		};
/* End XCRemoteSwiftPackageReference section */

/* Begin XCSwiftPackageProductDependency section */
		525FE27C2C4048E100626F94 /* Collections */ = {
			isa = XCSwiftPackageProductDependency;
			package = 525FE27B2C4048E100626F94 /* XCRemoteSwiftPackageReference "swift-collections" */;
			productName = Collections;
		};
		525FE2802C404A5900626F94 /* SwiftUICharts */ = {
			isa = XCSwiftPackageProductDependency;
			package = 525FE27F2C404A5900626F94 /* XCRemoteSwiftPackageReference "ChartView" */;
			productName = SwiftUICharts;
		};
		52CD7F2F2C3F09F9003119BA /* SwiftUIFontIcon */ = {
			isa = XCSwiftPackageProductDependency;
			package = 52CD7F2E2C3F09F9003119BA /* XCRemoteSwiftPackageReference "SwiftUIFontIcon" */;
			productName = SwiftUIFontIcon;
		};
/* End XCSwiftPackageProductDependency section */
	};
	rootObject = 52CD7F0D2C3F02C1003119BA /* Project object */;
}
